dependencies:
- name: artifactory
  repository: https://charts.jfrog.io/
  version: 107.39.4
- name: ocp-route
  repository: https://charts.cloudnativetoolkit.dev
  version: 0.5.0
- name: tool-config
  repository: https://charts.cloudnativetoolkit.dev
  version: 0.13.0
- name: setup-job
  repository: https://charts.cloudnativetoolkit.dev
  version: 0.3.0
digest: sha256:d7dd93f72f9d1e7e14a1dd9a4289c413f29a560ce0e5f3936e12d32f6fbad1b4
generated: "2022-08-03T23:30:13.18043+05:30"
