dependencies:
- name: artifactory
  repository: https://charts.jfrog.io/
  version: 107.39.4
- name: ocp-route
  repository: https://charts.cloudnativetoolkit.dev
  version: 0.5.0
- name: tool-config
  repository: https://charts.cloudnativetoolkit.dev
  version: 0.14.0
- name: setup-job
  repository: https://charts.cloudnativetoolkit.dev
  version: 0.3.0
digest: sha256:79fd619099b4e80353ff81e8da73c12d40e8ce0d6d7945065d5969f148ef0671
generated: "2022-08-01T12:14:23.907654+05:30"
