dependencies:
- name: artifactory
  repository: https://charts.jfrog.io/
  version: 107.63.7
- name: ocp-route
  repository: https://charts.cloudnativetoolkit.dev
  version: 0.5.0
- name: tool-config
  repository: https://charts.cloudnativetoolkit.dev
  version: 0.13.0
- name: setup-job
  repository: https://charts.cloudnativetoolkit.dev
  version: 0.3.0
digest: sha256:c87861dad019bd95162da425163aa2bc977179807077ff60dace7117508815a9
generated: "2023-07-29T16:59:37.203245-05:00"
